
Microsoft Visual Studio Solution File, Format Version 12.00
# Visual Studio 15
VisualStudioVersion = 15.0.27703.2035
MinimumVisualStudioVersion = 10.0.40219.1
Project("{FAE04EC0-301F-11D3-BF4B-00C04F79EFBC}") = "CSharp.CinemaAdviser", "CSharp.CinemaAdviser.csproj", "{9DC118CB-CAC1-461E-9309-76CB9B18035C}"
EndProject
Project("{FAE04EC0-301F-11D3-BF4B-00C04F79EFBC}") = "TurtleTraining", "TurtleTraining\TurtleTraining.csproj", "{339317CA-A2C4-40B8-AD7E-C6A8FB089472}"
EndProject
Project("{FAE04EC0-301F-11D3-BF4B-00C04F79EFBC}") = "TurtleGame", "TurtleGame\TurtleGame.csproj", "{648E8B38-5488-4ED1-A620-0387049E9955}"
EndProject
Global
	GlobalSection(SolutionConfigurationPlatforms) = preSolution
		Debug|Any CPU = Debug|Any CPU
		Release|Any CPU = Release|Any CPU
	EndGlobalSection
	GlobalSection(ProjectConfigurationPlatforms) = postSolution
		{9DC118CB-CAC1-461E-9309-76CB9B18035C}.Debug|Any CPU.ActiveCfg = Debug|Any CPU
		{9DC118CB-CAC1-461E-9309-76CB9B18035C}.Debug|Any CPU.Build.0 = Debug|Any CPU
		{9DC118CB-CAC1-461E-9309-76CB9B18035C}.Release|Any CPU.ActiveCfg = Release|Any CPU
		{9DC118CB-CAC1-461E-9309-76CB9B18035C}.Release|Any CPU.Build.0 = Release|Any CPU
		{339317CA-A2C4-40B8-AD7E-C6A8FB089472}.Debug|Any CPU.ActiveCfg = Debug|Any CPU
		{339317CA-A2C4-40B8-AD7E-C6A8FB089472}.Debug|Any CPU.Build.0 = Debug|Any CPU
		{339317CA-A2C4-40B8-AD7E-C6A8FB089472}.Release|Any CPU.ActiveCfg = Release|Any CPU
		{339317CA-A2C4-40B8-AD7E-C6A8FB089472}.Release|Any CPU.Build.0 = Release|Any CPU
		{648E8B38-5488-4ED1-A620-0387049E9955}.Debug|Any CPU.ActiveCfg = Debug|Any CPU
		{648E8B38-5488-4ED1-A620-0387049E9955}.Debug|Any CPU.Build.0 = Debug|Any CPU
		{648E8B38-5488-4ED1-A620-0387049E9955}.Release|Any CPU.ActiveCfg = Release|Any CPU
		{648E8B38-5488-4ED1-A620-0387049E9955}.Release|Any CPU.Build.0 = Release|Any CPU
	EndGlobalSection
	GlobalSection(SolutionProperties) = preSolution
		HideSolutionNode = FALSE
	EndGlobalSection
	GlobalSection(ExtensibilityGlobals) = postSolution
		SolutionGuid = {8783B8C1-233E-4145-92BF-5E9A227350FA}
	EndGlobalSection
EndGlobal
